
Microsoft Visual Studio Solution File, Format Version 12.00
# Visual Studio Version 17
VisualStudioVersion = 17.11.35312.102
MinimumVisualStudioVersion = 10.0.40219.1
Project("{FAE04EC0-301F-11D3-BF4B-00C04F79EFBC}") = "ACE.RareCoinDrop", "ACE.RareCoinDrop\ACE.RareCoinDrop.csproj", "{1987A3FD-659F-4757-AC93-FE3863DFE5A5}"
EndProject
Global
	GlobalSection(SolutionConfigurationPlatforms) = preSolution
		Debug|Any CPU = Debug|Any CPU
		Release|Any CPU = Release|Any CPU
	EndGlobalSection
	GlobalSection(ProjectConfigurationPlatforms) = postSolution
		{1987A3FD-659F-4757-AC93-FE3863DFE5A5}.Debug|Any CPU.ActiveCfg = Debug|Any CPU
		{1987A3FD-659F-4757-AC93-FE3863DFE5A5}.Debug|Any CPU.Build.0 = Debug|Any CPU
		{1987A3FD-659F-4757-AC93-FE3863DFE5A5}.Release|Any CPU.ActiveCfg = Release|Any CPU
		{1987A3FD-659F-4757-AC93-FE3863DFE5A5}.Release|Any CPU.Build.0 = Release|Any CPU
	EndGlobalSection
	GlobalSection(SolutionProperties) = preSolution
		HideSolutionNode = FALSE
	EndGlobalSection
	GlobalSection(ExtensibilityGlobals) = postSolution
		SolutionGuid = {42F96413-8FB2-411B-9C26-71CE0D8829E1}
	EndGlobalSection
EndGlobal
